
Microsoft Visual Studio Solution File, Format Version 12.00
# Visual Studio Version 18
VisualStudioVersion = 18.4.11620.152 stable
MinimumVisualStudioVersion = 10.0.40219.1
Project("{FAE04EC0-301F-11D3-BF4B-00C04F79EFBC}") = "NotficationApp", "NotficationApp\NotficationApp.csproj", "{FF6C1D95-042E-43B8-B899-5E07C8D65654}"
EndProject
Global
	GlobalSection(SolutionConfigurationPlatforms) = preSolution
		Debug|Any CPU = Debug|Any CPU
		Release|Any CPU = Release|Any CPU
	EndGlobalSection
	GlobalSection(ProjectConfigurationPlatforms) = postSolution
		{FF6C1D95-042E-43B8-B899-5E07C8D65654}.Debug|Any CPU.ActiveCfg = Debug|Any CPU
		{FF6C1D95-042E-43B8-B899-5E07C8D65654}.Debug|Any CPU.Build.0 = Debug|Any CPU
		{FF6C1D95-042E-43B8-B899-5E07C8D65654}.Release|Any CPU.ActiveCfg = Release|Any CPU
		{FF6C1D95-042E-43B8-B899-5E07C8D65654}.Release|Any CPU.Build.0 = Release|Any CPU
	EndGlobalSection
	GlobalSection(SolutionProperties) = preSolution
		HideSolutionNode = FALSE
	EndGlobalSection
	GlobalSection(ExtensibilityGlobals) = postSolution
		SolutionGuid = {0B467026-B52D-4A1F-96A8-2F845B24E30D}
	EndGlobalSection
EndGlobal
